
Microsoft Visual Studio Solution File, Format Version 12.00
# Visual Studio Version 16
VisualStudioVersion = 16.0.31729.503
MinimumVisualStudioVersion = 10.0.40219.1
Project("{9A19103F-16F7-4668-BE54-9A1E7A4F7556}") = "mediator_cqrs_project", "mediator_cqrs_project.csproj", "{3805AA8D-AF97-4BE9-A7B7-FCF79F3EDA70}"
EndProject
Global
	GlobalSection(SolutionConfigurationPlatforms) = preSolution
		Debug|Any CPU = Debug|Any CPU
		Release|Any CPU = Release|Any CPU
	EndGlobalSection
	GlobalSection(ProjectConfigurationPlatforms) = postSolution
		{3805AA8D-AF97-4BE9-A7B7-FCF79F3EDA70}.Debug|Any CPU.ActiveCfg = Debug|Any CPU
		{3805AA8D-AF97-4BE9-A7B7-FCF79F3EDA70}.Debug|Any CPU.Build.0 = Debug|Any CPU
		{3805AA8D-AF97-4BE9-A7B7-FCF79F3EDA70}.Release|Any CPU.ActiveCfg = Release|Any CPU
		{3805AA8D-AF97-4BE9-A7B7-FCF79F3EDA70}.Release|Any CPU.Build.0 = Release|Any CPU
	EndGlobalSection
	GlobalSection(SolutionProperties) = preSolution
		HideSolutionNode = FALSE
	EndGlobalSection
	GlobalSection(ExtensibilityGlobals) = postSolution
		SolutionGuid = {59C58F25-8304-4823-AAF2-A2B4C763340E}
	EndGlobalSection
EndGlobal
